
Microsoft Visual Studio Solution File, Format Version 12.00
# Visual Studio Version 17
VisualStudioVersion = 17.4.33213.308
MinimumVisualStudioVersion = 10.0.40219.1
Project("{FAE04EC0-301F-11D3-BF4B-00C04F79EFBC}") = "ASPDotNetCrud", "ASPDotNetCrud.csproj", "{31F2F9A5-F73F-42FC-8F04-753455104C3A}"
EndProject
Global
	GlobalSection(SolutionConfigurationPlatforms) = preSolution
		Debug|Any CPU = Debug|Any CPU
		Release|Any CPU = Release|Any CPU
	EndGlobalSection
	GlobalSection(ProjectConfigurationPlatforms) = postSolution
		{31F2F9A5-F73F-42FC-8F04-753455104C3A}.Debug|Any CPU.ActiveCfg = Debug|Any CPU
		{31F2F9A5-F73F-42FC-8F04-753455104C3A}.Debug|Any CPU.Build.0 = Debug|Any CPU
		{31F2F9A5-F73F-42FC-8F04-753455104C3A}.Release|Any CPU.ActiveCfg = Release|Any CPU
		{31F2F9A5-F73F-42FC-8F04-753455104C3A}.Release|Any CPU.Build.0 = Release|Any CPU
	EndGlobalSection
	GlobalSection(SolutionProperties) = preSolution
		HideSolutionNode = FALSE
	EndGlobalSection
	GlobalSection(ExtensibilityGlobals) = postSolution
		SolutionGuid = {32C7DCCC-37AF-4119-9A49-07DDD6311219}
	EndGlobalSection
EndGlobal
